
Microsoft Visual Studio Solution File, Format Version 11.00
# Visual Studio 2010
Project("{8BC9CEB8-8B4A-11D0-8D11-00A0C91BC942}") = "ROV_BaseStation", "ROV_Mission_Control\ROV_Mission_Control.vcxproj", "{F8305C5C-63C7-49D8-BB30-9E92F9B313A6}"
EndProject
Global
	GlobalSection(SolutionConfigurationPlatforms) = preSolution
		Debug|Win32 = Debug|Win32
		Release|Win32 = Release|Win32
	EndGlobalSection
	GlobalSection(ProjectConfigurationPlatforms) = postSolution
		{F8305C5C-63C7-49D8-BB30-9E92F9B313A6}.Debug|Win32.ActiveCfg = Debug|Win32
		{F8305C5C-63C7-49D8-BB30-9E92F9B313A6}.Debug|Win32.Build.0 = Debug|Win32
		{F8305C5C-63C7-49D8-BB30-9E92F9B313A6}.Release|Win32.ActiveCfg = Release|Win32
		{F8305C5C-63C7-49D8-BB30-9E92F9B313A6}.Release|Win32.Build.0 = Release|Win32
	EndGlobalSection
	GlobalSection(SolutionProperties) = preSolution
		HideSolutionNode = FALSE
	EndGlobalSection
EndGlobal
